
Microsoft Visual Studio Solution File, Format Version 12.00
# Visual Studio Version 17
VisualStudioVersion = 17.5.002.0
MinimumVisualStudioVersion = 10.0.40219.1
Project("{2150E333-8FDC-42A3-9474-1A3956D46DE8}") = "Labfiles", "Labfiles", "{0CFACC29-ACBA-4070-A569-16A8B537BC35}"
EndProject
Project("{2150E333-8FDC-42A3-9474-1A3956D46DE8}") = "01-analyze-images", "01-analyze-images", "{A02588DE-97A4-4CF9-B31B-462AFFF790CA}"
EndProject
Project("{2150E333-8FDC-42A3-9474-1A3956D46DE8}") = "C-Sharp", "C-Sharp", "{0E8E4761-E086-4928-9E16-FEBFA593A1B3}"
EndProject
Project("{9A19103F-16F7-4668-BE54-9A1E7A4F7556}") = "image-analysis", "Labfiles\01-analyze-images\C-Sharp\image-analysis\image-analysis.csproj", "{911FCF30-A8A3-49BE-A796-372AD72D7CEE}"
EndProject
Project("{2150E333-8FDC-42A3-9474-1A3956D46DE8}") = "03-object-detection", "03-object-detection", "{7C8F2B56-EBF5-432C-8E10-50200C5D8FF5}"
EndProject
Project("{2150E333-8FDC-42A3-9474-1A3956D46DE8}") = "C-Sharp", "C-Sharp", "{6AFD000E-B4D4-458D-BA44-E20BD2E460A9}"
EndProject
Project("{9A19103F-16F7-4668-BE54-9A1E7A4F7556}") = "test-detector", "Labfiles\03-object-detection\C-Sharp\test-detector\test-detector.csproj", "{EA771A13-738E-43AB-9CA0-BE12827B7A36}"
EndProject
Project("{9A19103F-16F7-4668-BE54-9A1E7A4F7556}") = "train-detector", "Labfiles\03-object-detection\C-Sharp\train-detector\train-detector.csproj", "{DD289C4E-E202-4CEB-ABC7-29CB2EC3C1D3}"
EndProject
Project("{2150E333-8FDC-42A3-9474-1A3956D46DE8}") = "04-face", "04-face", "{699EBA94-7784-4CED-B595-CA09D582B830}"
EndProject
Project("{2150E333-8FDC-42A3-9474-1A3956D46DE8}") = "C-Sharp", "C-Sharp", "{BA67723A-6F83-4132-AB12-23A6F70DA1C0}"
EndProject
Project("{9A19103F-16F7-4668-BE54-9A1E7A4F7556}") = "detect-people", "Labfiles\04-face\C-Sharp\computer-vision\detect-people.csproj", "{56071931-7DFF-42AA-A543-B72C3CF19998}"
EndProject
Project("{9A19103F-16F7-4668-BE54-9A1E7A4F7556}") = "analyze-faces", "Labfiles\04-face\C-Sharp\face-api\analyze-faces.csproj", "{B1425E27-8BA2-4A0D-9838-2ACDD1EF9939}"
EndProject
Project("{2150E333-8FDC-42A3-9474-1A3956D46DE8}") = "05-ocr", "05-ocr", "{38A7644F-0924-431C-BE3A-649810C69D44}"
EndProject
Project("{2150E333-8FDC-42A3-9474-1A3956D46DE8}") = "C-Sharp", "C-Sharp", "{6B10700C-70C0-4283-AF5B-5C85A412E082}"
EndProject
Project("{9A19103F-16F7-4668-BE54-9A1E7A4F7556}") = "read-text", "Labfiles\05-ocr\C-Sharp\read-text\read-text.csproj", "{3E0CD00D-3BA6-4987-BCEA-0B1492154BD3}"
EndProject
Project("{2150E333-8FDC-42A3-9474-1A3956D46DE8}") = "07-custom-vision-image-classification", "07-custom-vision-image-classification", "{3F4E5631-037B-4668-8461-A96E9BAEDC0F}"
EndProject
Project("{2150E333-8FDC-42A3-9474-1A3956D46DE8}") = "C-Sharp", "C-Sharp", "{5E2FFF78-F058-4F6C-8BCF-32E238CFCFC7}"
EndProject
Project("{9A19103F-16F7-4668-BE54-9A1E7A4F7556}") = "test-classifier", "Labfiles\07-custom-vision-image-classification\C-Sharp\test-classifier\test-classifier.csproj", "{BE2C7E29-10A7-47F7-B293-3E1F8DB45F43}"
EndProject
Project("{9A19103F-16F7-4668-BE54-9A1E7A4F7556}") = "train-classifier", "Labfiles\07-custom-vision-image-classification\C-Sharp\train-classifier\train-classifier.csproj", "{D3252895-5CA6-462F-B332-5475ED8B516A}"
EndProject
Global
	GlobalSection(SolutionConfigurationPlatforms) = preSolution
		Debug|Any CPU = Debug|Any CPU
		Release|Any CPU = Release|Any CPU
	EndGlobalSection
	GlobalSection(ProjectConfigurationPlatforms) = postSolution
		{911FCF30-A8A3-49BE-A796-372AD72D7CEE}.Debug|Any CPU.ActiveCfg = Debug|Any CPU
		{911FCF30-A8A3-49BE-A796-372AD72D7CEE}.Debug|Any CPU.Build.0 = Debug|Any CPU
		{911FCF30-A8A3-49BE-A796-372AD72D7CEE}.Release|Any CPU.ActiveCfg = Release|Any CPU
		{911FCF30-A8A3-49BE-A796-372AD72D7CEE}.Release|Any CPU.Build.0 = Release|Any CPU
		{EA771A13-738E-43AB-9CA0-BE12827B7A36}.Debug|Any CPU.ActiveCfg = Debug|Any CPU
		{EA771A13-738E-43AB-9CA0-BE12827B7A36}.Debug|Any CPU.Build.0 = Debug|Any CPU
		{EA771A13-738E-43AB-9CA0-BE12827B7A36}.Release|Any CPU.ActiveCfg = Release|Any CPU
		{EA771A13-738E-43AB-9CA0-BE12827B7A36}.Release|Any CPU.Build.0 = Release|Any CPU
		{DD289C4E-E202-4CEB-ABC7-29CB2EC3C1D3}.Debug|Any CPU.ActiveCfg = Debug|Any CPU
		{DD289C4E-E202-4CEB-ABC7-29CB2EC3C1D3}.Debug|Any CPU.Build.0 = Debug|Any CPU
		{DD289C4E-E202-4CEB-ABC7-29CB2EC3C1D3}.Release|Any CPU.ActiveCfg = Release|Any CPU
		{DD289C4E-E202-4CEB-ABC7-29CB2EC3C1D3}.Release|Any CPU.Build.0 = Release|Any CPU
		{56071931-7DFF-42AA-A543-B72C3CF19998}.Debug|Any CPU.ActiveCfg = Debug|Any CPU
		{56071931-7DFF-42AA-A543-B72C3CF19998}.Debug|Any CPU.Build.0 = Debug|Any CPU
		{56071931-7DFF-42AA-A543-B72C3CF19998}.Release|Any CPU.ActiveCfg = Release|Any CPU
		{56071931-7DFF-42AA-A543-B72C3CF19998}.Release|Any CPU.Build.0 = Release|Any CPU
		{B1425E27-8BA2-4A0D-9838-2ACDD1EF9939}.Debug|Any CPU.ActiveCfg = Debug|Any CPU
		{B1425E27-8BA2-4A0D-9838-2ACDD1EF9939}.Debug|Any CPU.Build.0 = Debug|Any CPU
		{B1425E27-8BA2-4A0D-9838-2ACDD1EF9939}.Release|Any CPU.ActiveCfg = Release|Any CPU
		{B1425E27-8BA2-4A0D-9838-2ACDD1EF9939}.Release|Any CPU.Build.0 = Release|Any CPU
		{3E0CD00D-3BA6-4987-BCEA-0B1492154BD3}.Debug|Any CPU.ActiveCfg = Debug|Any CPU
		{3E0CD00D-3BA6-4987-BCEA-0B1492154BD3}.Debug|Any CPU.Build.0 = Debug|Any CPU
		{3E0CD00D-3BA6-4987-BCEA-0B1492154BD3}.Release|Any CPU.ActiveCfg = Release|Any CPU
		{3E0CD00D-3BA6-4987-BCEA-0B1492154BD3}.Release|Any CPU.Build.0 = Release|Any CPU
		{BE2C7E29-10A7-47F7-B293-3E1F8DB45F43}.Debug|Any CPU.ActiveCfg = Debug|Any CPU
		{BE2C7E29-10A7-47F7-B293-3E1F8DB45F43}.Debug|Any CPU.Build.0 = Debug|Any CPU
		{BE2C7E29-10A7-47F7-B293-3E1F8DB45F43}.Release|Any CPU.ActiveCfg = Release|Any CPU
		{BE2C7E29-10A7-47F7-B293-3E1F8DB45F43}.Release|Any CPU.Build.0 = Release|Any CPU
		{D3252895-5CA6-462F-B332-5475ED8B516A}.Debug|Any CPU.ActiveCfg = Debug|Any CPU
		{D3252895-5CA6-462F-B332-5475ED8B516A}.Debug|Any CPU.Build.0 = Debug|Any CPU
		{D3252895-5CA6-462F-B332-5475ED8B516A}.Release|Any CPU.ActiveCfg = Release|Any CPU
		{D3252895-5CA6-462F-B332-5475ED8B516A}.Release|Any CPU.Build.0 = Release|Any CPU
	EndGlobalSection
	GlobalSection(SolutionProperties) = preSolution
		HideSolutionNode = FALSE
	EndGlobalSection
	GlobalSection(NestedProjects) = preSolution
		{A02588DE-97A4-4CF9-B31B-462AFFF790CA} = {0CFACC29-ACBA-4070-A569-16A8B537BC35}
		{0E8E4761-E086-4928-9E16-FEBFA593A1B3} = {A02588DE-97A4-4CF9-B31B-462AFFF790CA}
		{911FCF30-A8A3-49BE-A796-372AD72D7CEE} = {0E8E4761-E086-4928-9E16-FEBFA593A1B3}
		{7C8F2B56-EBF5-432C-8E10-50200C5D8FF5} = {0CFACC29-ACBA-4070-A569-16A8B537BC35}
		{6AFD000E-B4D4-458D-BA44-E20BD2E460A9} = {7C8F2B56-EBF5-432C-8E10-50200C5D8FF5}
		{EA771A13-738E-43AB-9CA0-BE12827B7A36} = {6AFD000E-B4D4-458D-BA44-E20BD2E460A9}
		{DD289C4E-E202-4CEB-ABC7-29CB2EC3C1D3} = {6AFD000E-B4D4-458D-BA44-E20BD2E460A9}
		{699EBA94-7784-4CED-B595-CA09D582B830} = {0CFACC29-ACBA-4070-A569-16A8B537BC35}
		{BA67723A-6F83-4132-AB12-23A6F70DA1C0} = {699EBA94-7784-4CED-B595-CA09D582B830}
		{56071931-7DFF-42AA-A543-B72C3CF19998} = {BA67723A-6F83-4132-AB12-23A6F70DA1C0}
		{B1425E27-8BA2-4A0D-9838-2ACDD1EF9939} = {BA67723A-6F83-4132-AB12-23A6F70DA1C0}
		{38A7644F-0924-431C-BE3A-649810C69D44} = {0CFACC29-ACBA-4070-A569-16A8B537BC35}
		{6B10700C-70C0-4283-AF5B-5C85A412E082} = {38A7644F-0924-431C-BE3A-649810C69D44}
		{3E0CD00D-3BA6-4987-BCEA-0B1492154BD3} = {6B10700C-70C0-4283-AF5B-5C85A412E082}
		{3F4E5631-037B-4668-8461-A96E9BAEDC0F} = {0CFACC29-ACBA-4070-A569-16A8B537BC35}
		{5E2FFF78-F058-4F6C-8BCF-32E238CFCFC7} = {3F4E5631-037B-4668-8461-A96E9BAEDC0F}
		{BE2C7E29-10A7-47F7-B293-3E1F8DB45F43} = {5E2FFF78-F058-4F6C-8BCF-32E238CFCFC7}
		{D3252895-5CA6-462F-B332-5475ED8B516A} = {5E2FFF78-F058-4F6C-8BCF-32E238CFCFC7}
	EndGlobalSection
	GlobalSection(ExtensibilityGlobals) = postSolution
		SolutionGuid = {AF27AF96-C11A-4A4A-8CFF-AAA871210C26}
	EndGlobalSection
EndGlobal
